// !$*UTF8*$!
{
	archiveVersion = 1;
	classes = {
	};
	objectVersion = 46;
	objects = {

/* Begin PBXBuildFile section */
		E20066611CEC7EE700E55D4B /* WaterProp.swift in Sources */ = {isa = PBXBuildFile; fileRef = E20066601CEC7EE700E55D4B /* WaterProp.swift */; };
		E20066631CEC7EF700E55D4B /* SmallResidentialZone.swift in Sources */ = {isa = PBXBuildFile; fileRef = E20066621CEC7EF700E55D4B /* SmallResidentialZone.swift */; };
		E200666D1CEC8B9000E55D4B /* MapStatistic.swift in Sources */ = {isa = PBXBuildFile; fileRef = E200666B1CEC8B9000E55D4B /* MapStatistic.swift */; };
		E200666E1CEC8B9000E55D4B /* MapStatistic.swift in Sources */ = {isa = PBXBuildFile; fileRef = E200666B1CEC8B9000E55D4B /* MapStatistic.swift */; };
		E200666F1CEC8B9000E55D4B /* MapStatistical.swift in Sources */ = {isa = PBXBuildFile; fileRef = E200666C1CEC8B9000E55D4B /* MapStatistical.swift */; };
		E20066701CEC8B9000E55D4B /* MapStatistical.swift in Sources */ = {isa = PBXBuildFile; fileRef = E200666C1CEC8B9000E55D4B /* MapStatistical.swift */; };
		E20066721CEC8BA500E55D4B /* NotRemoveable.swift in Sources */ = {isa = PBXBuildFile; fileRef = E20066711CEC8BA500E55D4B /* NotRemoveable.swift */; };
		E20066731CEC8BA500E55D4B /* NotRemoveable.swift in Sources */ = {isa = PBXBuildFile; fileRef = E20066711CEC8BA500E55D4B /* NotRemoveable.swift */; };
		E20B14451CE5EF160067BC91 /* LocationTests.swift in Sources */ = {isa = PBXBuildFile; fileRef = E20B14441CE5EC420067BC91 /* LocationTests.swift */; };
		E20B14461CE5EF1C0067BC91 /* LocationTests.swift in Sources */ = {isa = PBXBuildFile; fileRef = E20B14441CE5EC420067BC91 /* LocationTests.swift */; };
		E20B14B61CE6108F0067BC91 /* Array2DMapping.swift in Sources */ = {isa = PBXBuildFile; fileRef = E20B149F1CE6108F0067BC91 /* Array2DMapping.swift */; };
		E20B14B71CE6108F0067BC91 /* Array2DMapping.swift in Sources */ = {isa = PBXBuildFile; fileRef = E20B149F1CE6108F0067BC91 /* Array2DMapping.swift */; };
		E20B14BC1CE6108F0067BC91 /* Locateable.swift in Sources */ = {isa = PBXBuildFile; fileRef = E20B14A41CE6108F0067BC91 /* Locateable.swift */; };
		E20B14BD1CE6108F0067BC91 /* Locateable.swift in Sources */ = {isa = PBXBuildFile; fileRef = E20B14A41CE6108F0067BC91 /* Locateable.swift */; };
		E20B14BE1CE6108F0067BC91 /* Location.swift in Sources */ = {isa = PBXBuildFile; fileRef = E20B14A51CE6108F0067BC91 /* Location.swift */; };
		E20B14BF1CE6108F0067BC91 /* Location.swift in Sources */ = {isa = PBXBuildFile; fileRef = E20B14A51CE6108F0067BC91 /* Location.swift */; };
		E20B14D81CE6108F0067BC91 /* CityMapError.swift in Sources */ = {isa = PBXBuildFile; fileRef = E20B14B31CE6108F0067BC91 /* CityMapError.swift */; };
		E20B14D91CE6108F0067BC91 /* CityMapError.swift in Sources */ = {isa = PBXBuildFile; fileRef = E20B14B31CE6108F0067BC91 /* CityMapError.swift */; };
		E20B14DC1CE6108F0067BC91 /* TileableMapError.swift in Sources */ = {isa = PBXBuildFile; fileRef = E20B14B51CE6108F0067BC91 /* TileableMapError.swift */; };
		E20B14DD1CE6108F0067BC91 /* TileableMapError.swift in Sources */ = {isa = PBXBuildFile; fileRef = E20B14B51CE6108F0067BC91 /* TileableMapError.swift */; };
		E20B14DF1CE610CE0067BC91 /* CityMap.swift in Sources */ = {isa = PBXBuildFile; fileRef = E20B14DE1CE610CE0067BC91 /* CityMap.swift */; };
		E20B14E01CE610CE0067BC91 /* CityMap.swift in Sources */ = {isa = PBXBuildFile; fileRef = E20B14DE1CE610CE0067BC91 /* CityMap.swift */; };
		E20B14E41CE611920067BC91 /* TileTypeTests.swift in Sources */ = {isa = PBXBuildFile; fileRef = E20B14E11CE611460067BC91 /* TileTypeTests.swift */; };
		E20B14E51CE6119B0067BC91 /* TileTypeTests.swift in Sources */ = {isa = PBXBuildFile; fileRef = E20B14E11CE611460067BC91 /* TileTypeTests.swift */; };
		E20B14E71CE613F00067BC91 /* TileLayerTests.swift in Sources */ = {isa = PBXBuildFile; fileRef = E20B14E61CE613F00067BC91 /* TileLayerTests.swift */; };
		E20B14E81CE613F00067BC91 /* TileLayerTests.swift in Sources */ = {isa = PBXBuildFile; fileRef = E20B14E61CE613F00067BC91 /* TileLayerTests.swift */; };
		E222DD4D1CEDD9AF0040F55A /* SmallIndustrialZone.swift in Sources */ = {isa = PBXBuildFile; fileRef = E222DD4C1CEDD9AF0040F55A /* SmallIndustrialZone.swift */; };
		E222DD4E1CEDD9AF0040F55A /* SmallIndustrialZone.swift in Sources */ = {isa = PBXBuildFile; fileRef = E222DD4C1CEDD9AF0040F55A /* SmallIndustrialZone.swift */; };
		E227B9301CEF62120052918B /* EventNaming.swift in Sources */ = {isa = PBXBuildFile; fileRef = E227B92F1CEF62120052918B /* EventNaming.swift */; };
		E227B9311CEF62120052918B /* EventNaming.swift in Sources */ = {isa = PBXBuildFile; fileRef = E227B92F1CEF62120052918B /* EventNaming.swift */; };
		E227B9331CEF62200052918B /* EventEmitting.swift in Sources */ = {isa = PBXBuildFile; fileRef = E227B9321CEF62200052918B /* EventEmitting.swift */; };
		E227B9341CEF62200052918B /* EventEmitting.swift in Sources */ = {isa = PBXBuildFile; fileRef = E227B9321CEF62200052918B /* EventEmitting.swift */; };
		E227B9361CEF624C0052918B /* EventSubscribing.swift in Sources */ = {isa = PBXBuildFile; fileRef = E227B9351CEF624C0052918B /* EventSubscribing.swift */; };
		E227B9371CEF624C0052918B /* EventSubscribing.swift in Sources */ = {isa = PBXBuildFile; fileRef = E227B9351CEF624C0052918B /* EventSubscribing.swift */; };
		E22D207A1CEB33D700E97894 /* StatisticsLayering.swift in Sources */ = {isa = PBXBuildFile; fileRef = E22D20791CEB33D700E97894 /* StatisticsLayering.swift */; };
		E22D207B1CEB33D700E97894 /* StatisticsLayering.swift in Sources */ = {isa = PBXBuildFile; fileRef = E22D20791CEB33D700E97894 /* StatisticsLayering.swift */; };
		E22D20801CEB33FE00E97894 /* StatisticsLayer.swift in Sources */ = {isa = PBXBuildFile; fileRef = E22D207F1CEB33FE00E97894 /* StatisticsLayer.swift */; };
		E22D20811CEB33FE00E97894 /* StatisticsLayer.swift in Sources */ = {isa = PBXBuildFile; fileRef = E22D207F1CEB33FE00E97894 /* StatisticsLayer.swift */; };
		E22D20831CEB341100E97894 /* StatisticlayersContainer.swift in Sources */ = {isa = PBXBuildFile; fileRef = E22D20821CEB341100E97894 /* StatisticlayersContainer.swift */; };
		E22D20841CEB341100E97894 /* StatisticlayersContainer.swift in Sources */ = {isa = PBXBuildFile; fileRef = E22D20821CEB341100E97894 /* StatisticlayersContainer.swift */; };
		E2663E6B1CEF2D4200B179ED /* Containing.swift in Sources */ = {isa = PBXBuildFile; fileRef = E2663E6A1CEF2D4200B179ED /* Containing.swift */; };
		E2663E6C1CEF2D4200B179ED /* Containing.swift in Sources */ = {isa = PBXBuildFile; fileRef = E2663E6A1CEF2D4200B179ED /* Containing.swift */; };
		E2663E6F1CEF305900B179ED /* Acting.swift in Sources */ = {isa = PBXBuildFile; fileRef = E2663E6E1CEF305900B179ED /* Acting.swift */; };
		E2663E701CEF305900B179ED /* Acting.swift in Sources */ = {isa = PBXBuildFile; fileRef = E2663E6E1CEF305900B179ED /* Acting.swift */; };
		E2663E721CEF328F00B179ED /* StatisticlayersContainerTests.swift in Sources */ = {isa = PBXBuildFile; fileRef = E2663E711CEF328F00B179ED /* StatisticlayersContainerTests.swift */; };
		E2663E731CEF328F00B179ED /* StatisticlayersContainerTests.swift in Sources */ = {isa = PBXBuildFile; fileRef = E2663E711CEF328F00B179ED /* StatisticlayersContainerTests.swift */; };
		E2782CA51CE5D72F00E5DF9A /* CitySimCoreiOS.framework in Frameworks */ = {isa = PBXBuildFile; fileRef = E2782C9A1CE5D72F00E5DF9A /* CitySimCoreiOS.framework */; };
		E2782CC31CE5DBDA00E5DF9A /* CitySimCoreMacOS.framework in Frameworks */ = {isa = PBXBuildFile; fileRef = E2782CB91CE5DBDA00E5DF9A /* CitySimCoreMacOS.framework */; };
		E2782CD61CE5DD2300E5DF9A /* CitySimCore.h in Headers */ = {isa = PBXBuildFile; fileRef = E2782CD11CE5DD0D00E5DF9A /* CitySimCore.h */; settings = {ATTRIBUTES = (Public, ); }; };
		E2782CD71CE5DD2700E5DF9A /* CitySimCore.h in Headers */ = {isa = PBXBuildFile; fileRef = E2782CD11CE5DD0D00E5DF9A /* CitySimCore.h */; settings = {ATTRIBUTES = (Public, ); }; };
		E292B5CD1CEB6209001C4A23 /* StatisticsLayerTests.swift in Sources */ = {isa = PBXBuildFile; fileRef = E292B5CC1CEB6209001C4A23 /* StatisticsLayerTests.swift */; };
		E292B5CE1CEB6209001C4A23 /* StatisticsLayerTests.swift in Sources */ = {isa = PBXBuildFile; fileRef = E292B5CC1CEB6209001C4A23 /* StatisticsLayerTests.swift */; };
		E292B5D01CEB66E2001C4A23 /* StatisticsLayerError.swift in Sources */ = {isa = PBXBuildFile; fileRef = E292B5CF1CEB66E2001C4A23 /* StatisticsLayerError.swift */; };
		E292B5D11CEB66E2001C4A23 /* StatisticsLayerError.swift in Sources */ = {isa = PBXBuildFile; fileRef = E292B5CF1CEB66E2001C4A23 /* StatisticsLayerError.swift */; };
		E2A48B8C1CEB3688006D272B /* SmallParkPlopp.swift in Sources */ = {isa = PBXBuildFile; fileRef = E2A48B8B1CEB3688006D272B /* SmallParkPlopp.swift */; };
		E2A48B8D1CEB3688006D272B /* SmallParkPlopp.swift in Sources */ = {isa = PBXBuildFile; fileRef = E2A48B8B1CEB3688006D272B /* SmallParkPlopp.swift */; };
		E2A48B8F1CEB36A1006D272B /* StreetPlopp.swift in Sources */ = {isa = PBXBuildFile; fileRef = E2A48B8E1CEB36A1006D272B /* StreetPlopp.swift */; };
		E2A48B901CEB36A1006D272B /* StreetPlopp.swift in Sources */ = {isa = PBXBuildFile; fileRef = E2A48B8E1CEB36A1006D272B /* StreetPlopp.swift */; };
		E2D86CEB1CEA4247007EABD8 /* Tileable.swift in Sources */ = {isa = PBXBuildFile; fileRef = E2D86CD61CEA4247007EABD8 /* Tileable.swift */; };
		E2D86CEC1CEA4247007EABD8 /* Tileable.swift in Sources */ = {isa = PBXBuildFile; fileRef = E2D86CD61CEA4247007EABD8 /* Tileable.swift */; };
		E2D86CED1CEA4247007EABD8 /* TileType.swift in Sources */ = {isa = PBXBuildFile; fileRef = E2D86CD71CEA4247007EABD8 /* TileType.swift */; };
		E2D86CEE1CEA4247007EABD8 /* TileType.swift in Sources */ = {isa = PBXBuildFile; fileRef = E2D86CD71CEA4247007EABD8 /* TileType.swift */; };
		E2D86D031CEA4364007EABD8 /* TileLayer.swift in Sources */ = {isa = PBXBuildFile; fileRef = E2D86D001CEA4364007EABD8 /* TileLayer.swift */; };
		E2D86D041CEA4364007EABD8 /* TileLayer.swift in Sources */ = {isa = PBXBuildFile; fileRef = E2D86D001CEA4364007EABD8 /* TileLayer.swift */; };
		E2D86D161CEA44E2007EABD8 /* Ploppable.swift in Sources */ = {isa = PBXBuildFile; fileRef = E2D86D081CEA44E2007EABD8 /* Ploppable.swift */; };
		E2D86D171CEA44E2007EABD8 /* Ploppable.swift in Sources */ = {isa = PBXBuildFile; fileRef = E2D86D081CEA44E2007EABD8 /* Ploppable.swift */; };
		E2D86D181CEA44E2007EABD8 /* PloppableType.swift in Sources */ = {isa = PBXBuildFile; fileRef = E2D86D091CEA44E2007EABD8 /* PloppableType.swift */; };
		E2D86D191CEA44E2007EABD8 /* PloppableType.swift in Sources */ = {isa = PBXBuildFile; fileRef = E2D86D091CEA44E2007EABD8 /* PloppableType.swift */; };
		E2D86D1C1CEA44E2007EABD8 /* Propable.swift in Sources */ = {isa = PBXBuildFile; fileRef = E2D86D0C1CEA44E2007EABD8 /* Propable.swift */; };
		E2D86D1D1CEA44E2007EABD8 /* Propable.swift in Sources */ = {isa = PBXBuildFile; fileRef = E2D86D0C1CEA44E2007EABD8 /* Propable.swift */; };
		E2D86D1E1CEA44E2007EABD8 /* PropType.swift in Sources */ = {isa = PBXBuildFile; fileRef = E2D86D0D1CEA44E2007EABD8 /* PropType.swift */; };
		E2D86D1F1CEA44E2007EABD8 /* PropType.swift in Sources */ = {isa = PBXBuildFile; fileRef = E2D86D0D1CEA44E2007EABD8 /* PropType.swift */; };
		E2D86D221CEA44E2007EABD8 /* Zoneable.swift in Sources */ = {isa = PBXBuildFile; fileRef = E2D86D101CEA44E2007EABD8 /* Zoneable.swift */; };
		E2D86D231CEA44E2007EABD8 /* Zoneable.swift in Sources */ = {isa = PBXBuildFile; fileRef = E2D86D101CEA44E2007EABD8 /* Zoneable.swift */; };
		E2D86D241CEA44E2007EABD8 /* ZoneableType.swift in Sources */ = {isa = PBXBuildFile; fileRef = E2D86D111CEA44E2007EABD8 /* ZoneableType.swift */; };
		E2D86D251CEA44E2007EABD8 /* ZoneableType.swift in Sources */ = {isa = PBXBuildFile; fileRef = E2D86D111CEA44E2007EABD8 /* ZoneableType.swift */; };
		E2EDA04C1CEDD2DA000464C5 /* TreeProp.swift in Sources */ = {isa = PBXBuildFile; fileRef = E2EDA04B1CEDD2DA000464C5 /* TreeProp.swift */; };
		E2EDA04D1CEDD2DA000464C5 /* TreeProp.swift in Sources */ = {isa = PBXBuildFile; fileRef = E2EDA04B1CEDD2DA000464C5 /* TreeProp.swift */; };
		E2EDA04F1CEDD325000464C5 /* Condition.swift in Sources */ = {isa = PBXBuildFile; fileRef = E2EDA04E1CEDD325000464C5 /* Condition.swift */; };
		E2EDA0501CEDD325000464C5 /* Condition.swift in Sources */ = {isa = PBXBuildFile; fileRef = E2EDA04E1CEDD325000464C5 /* Condition.swift */; };
		E2EDA0521CEDD330000464C5 /* Conditionable.swift in Sources */ = {isa = PBXBuildFile; fileRef = E2EDA0511CEDD330000464C5 /* Conditionable.swift */; };
		E2EDA0531CEDD330000464C5 /* Conditionable.swift in Sources */ = {isa = PBXBuildFile; fileRef = E2EDA0511CEDD330000464C5 /* Conditionable.swift */; };
		E2EDA0551CEDD361000464C5 /* PlaceNearStreet.swift in Sources */ = {isa = PBXBuildFile; fileRef = E2EDA0541CEDD361000464C5 /* PlaceNearStreet.swift */; };
		E2EDA0561CEDD361000464C5 /* PlaceNearStreet.swift in Sources */ = {isa = PBXBuildFile; fileRef = E2EDA0541CEDD361000464C5 /* PlaceNearStreet.swift */; };
		E2EDA05D1CEDD74C000464C5 /* SmallParkPloppTestDouble.swift in Sources */ = {isa = PBXBuildFile; fileRef = E2EDA0581CEDD74C000464C5 /* SmallParkPloppTestDouble.swift */; };
		E2EDA05E1CEDD74C000464C5 /* SmallParkPloppTestDouble.swift in Sources */ = {isa = PBXBuildFile; fileRef = E2EDA0581CEDD74C000464C5 /* SmallParkPloppTestDouble.swift */; };
		E2EDA05F1CEDD74C000464C5 /* SmallResidentialZoneTestDouble.swift in Sources */ = {isa = PBXBuildFile; fileRef = E2EDA0591CEDD74C000464C5 /* SmallResidentialZoneTestDouble.swift */; };
		E2EDA0601CEDD74C000464C5 /* SmallResidentialZoneTestDouble.swift in Sources */ = {isa = PBXBuildFile; fileRef = E2EDA0591CEDD74C000464C5 /* SmallResidentialZoneTestDouble.swift */; };
		E2EDA0611CEDD74C000464C5 /* StreetPloppTestDouble.swift in Sources */ = {isa = PBXBuildFile; fileRef = E2EDA05A1CEDD74C000464C5 /* StreetPloppTestDouble.swift */; };
		E2EDA0621CEDD74C000464C5 /* StreetPloppTestDouble.swift in Sources */ = {isa = PBXBuildFile; fileRef = E2EDA05A1CEDD74C000464C5 /* StreetPloppTestDouble.swift */; };
		E2EDA0631CEDD74C000464C5 /* TreePropTestDouble.swift in Sources */ = {isa = PBXBuildFile; fileRef = E2EDA05B1CEDD74C000464C5 /* TreePropTestDouble.swift */; };
		E2EDA0641CEDD74C000464C5 /* TreePropTestDouble.swift in Sources */ = {isa = PBXBuildFile; fileRef = E2EDA05B1CEDD74C000464C5 /* TreePropTestDouble.swift */; };
		E2EDA0651CEDD74C000464C5 /* WaterPropTestDouble.swift in Sources */ = {isa = PBXBuildFile; fileRef = E2EDA05C1CEDD74C000464C5 /* WaterPropTestDouble.swift */; };
		E2EDA0661CEDD74C000464C5 /* WaterPropTestDouble.swift in Sources */ = {isa = PBXBuildFile; fileRef = E2EDA05C1CEDD74C000464C5 /* WaterPropTestDouble.swift */; };
		E2EDA06A1CEDD898000464C5 /* SmallCommercialZone.swift in Sources */ = {isa = PBXBuildFile; fileRef = E2EDA0671CEDD874000464C5 /* SmallCommercialZone.swift */; };
		E2EDA06B1CEDD89F000464C5 /* WaterProp.swift in Sources */ = {isa = PBXBuildFile; fileRef = E20066601CEC7EE700E55D4B /* WaterProp.swift */; };
		E2EDA06C1CEDD89F000464C5 /* SmallCommercialZone.swift in Sources */ = {isa = PBXBuildFile; fileRef = E2EDA0671CEDD874000464C5 /* SmallCommercialZone.swift */; };
		E2EDA06D1CEDD89F000464C5 /* SmallResidentialZone.swift in Sources */ = {isa = PBXBuildFile; fileRef = E20066621CEC7EF700E55D4B /* SmallResidentialZone.swift */; };
/* End PBXBuildFile section */

/* Begin PBXContainerItemProxy section */
		E2782CA61CE5D72F00E5DF9A /* PBXContainerItemProxy */ = {
			isa = PBXContainerItemProxy;
			containerPortal = E2782C911CE5D72F00E5DF9A /* Project object */;
			proxyType = 1;
			remoteGlobalIDString = E2782C991CE5D72F00E5DF9A;
			remoteInfo = CitySimCore;
		};
		E2782CC41CE5DBDA00E5DF9A /* PBXContainerItemProxy */ = {
			isa = PBXContainerItemProxy;
			containerPortal = E2782C911CE5D72F00E5DF9A /* Project object */;
			proxyType = 1;
			remoteGlobalIDString = E2782CB81CE5DBDA00E5DF9A;
			remoteInfo = CitySimCoreMacOS;
		};
/* End PBXContainerItemProxy section */

/* Begin PBXFileReference section */
		E20066601CEC7EE700E55D4B /* WaterProp.swift */ = {isa = PBXFileReference; fileEncoding = 4; lastKnownFileType = sourcecode.swift; path = WaterProp.swift; sourceTree = "<group>"; };
		E20066621CEC7EF700E55D4B /* SmallResidentialZone.swift */ = {isa = PBXFileReference; fileEncoding = 4; lastKnownFileType = sourcecode.swift; path = SmallResidentialZone.swift; sourceTree = "<group>"; };
		E200666B1CEC8B9000E55D4B /* MapStatistic.swift */ = {isa = PBXFileReference; fileEncoding = 4; lastKnownFileType = sourcecode.swift; path = MapStatistic.swift; sourceTree = "<group>"; };
		E200666C1CEC8B9000E55D4B /* MapStatistical.swift */ = {isa = PBXFileReference; fileEncoding = 4; lastKnownFileType = sourcecode.swift; path = MapStatistical.swift; sourceTree = "<group>"; };
		E20066711CEC8BA500E55D4B /* NotRemoveable.swift */ = {isa = PBXFileReference; fileEncoding = 4; lastKnownFileType = sourcecode.swift; path = NotRemoveable.swift; sourceTree = "<group>"; };
		E20B14441CE5EC420067BC91 /* LocationTests.swift */ = {isa = PBXFileReference; lastKnownFileType = sourcecode.swift; path = LocationTests.swift; sourceTree = "<group>"; };
		E20B149F1CE6108F0067BC91 /* Array2DMapping.swift */ = {isa = PBXFileReference; fileEncoding = 4; lastKnownFileType = sourcecode.swift; path = Array2DMapping.swift; sourceTree = "<group>"; };
		E20B14A41CE6108F0067BC91 /* Locateable.swift */ = {isa = PBXFileReference; fileEncoding = 4; lastKnownFileType = sourcecode.swift; path = Locateable.swift; sourceTree = "<group>"; };
		E20B14A51CE6108F0067BC91 /* Location.swift */ = {isa = PBXFileReference; fileEncoding = 4; lastKnownFileType = sourcecode.swift; path = Location.swift; sourceTree = "<group>"; };
		E20B14B31CE6108F0067BC91 /* CityMapError.swift */ = {isa = PBXFileReference; fileEncoding = 4; lastKnownFileType = sourcecode.swift; path = CityMapError.swift; sourceTree = "<group>"; };
		E20B14B51CE6108F0067BC91 /* TileableMapError.swift */ = {isa = PBXFileReference; fileEncoding = 4; lastKnownFileType = sourcecode.swift; path = TileableMapError.swift; sourceTree = "<group>"; };
		E20B14DE1CE610CE0067BC91 /* CityMap.swift */ = {isa = PBXFileReference; fileEncoding = 4; lastKnownFileType = sourcecode.swift; path = CityMap.swift; sourceTree = "<group>"; };
		E20B14E11CE611460067BC91 /* TileTypeTests.swift */ = {isa = PBXFileReference; fileEncoding = 4; lastKnownFileType = sourcecode.swift; path = TileTypeTests.swift; sourceTree = "<group>"; };
		E20B14E61CE613F00067BC91 /* TileLayerTests.swift */ = {isa = PBXFileReference; fileEncoding = 4; lastKnownFileType = sourcecode.swift; path = TileLayerTests.swift; sourceTree = "<group>"; };
		E222DD4C1CEDD9AF0040F55A /* SmallIndustrialZone.swift */ = {isa = PBXFileReference; fileEncoding = 4; lastKnownFileType = sourcecode.swift; path = SmallIndustrialZone.swift; sourceTree = "<group>"; };
		E227B92F1CEF62120052918B /* EventNaming.swift */ = {isa = PBXFileReference; fileEncoding = 4; lastKnownFileType = sourcecode.swift; path = EventNaming.swift; sourceTree = "<group>"; };
		E227B9321CEF62200052918B /* EventEmitting.swift */ = {isa = PBXFileReference; fileEncoding = 4; lastKnownFileType = sourcecode.swift; path = EventEmitting.swift; sourceTree = "<group>"; };
		E227B9351CEF624C0052918B /* EventSubscribing.swift */ = {isa = PBXFileReference; fileEncoding = 4; lastKnownFileType = sourcecode.swift; path = EventSubscribing.swift; sourceTree = "<group>"; };
		E22D20791CEB33D700E97894 /* StatisticsLayering.swift */ = {isa = PBXFileReference; fileEncoding = 4; lastKnownFileType = sourcecode.swift; path = StatisticsLayering.swift; sourceTree = "<group>"; };
		E22D207F1CEB33FE00E97894 /* StatisticsLayer.swift */ = {isa = PBXFileReference; fileEncoding = 4; lastKnownFileType = sourcecode.swift; path = StatisticsLayer.swift; sourceTree = "<group>"; };
		E22D20821CEB341100E97894 /* StatisticlayersContainer.swift */ = {isa = PBXFileReference; fileEncoding = 4; lastKnownFileType = sourcecode.swift; path = StatisticlayersContainer.swift; sourceTree = "<group>"; };
		E2663E6A1CEF2D4200B179ED /* Containing.swift */ = {isa = PBXFileReference; fileEncoding = 4; lastKnownFileType = sourcecode.swift; path = Containing.swift; sourceTree = "<group>"; };
		E2663E6E1CEF305900B179ED /* Acting.swift */ = {isa = PBXFileReference; fileEncoding = 4; lastKnownFileType = sourcecode.swift; path = Acting.swift; sourceTree = "<group>"; };
		E2663E711CEF328F00B179ED /* StatisticlayersContainerTests.swift */ = {isa = PBXFileReference; fileEncoding = 4; lastKnownFileType = sourcecode.swift; path = StatisticlayersContainerTests.swift; sourceTree = "<group>"; };
		E2782C9A1CE5D72F00E5DF9A /* CitySimCoreiOS.framework */ = {isa = PBXFileReference; explicitFileType = wrapper.framework; includeInIndex = 0; path = CitySimCoreiOS.framework; sourceTree = BUILT_PRODUCTS_DIR; };
		E2782CA41CE5D72F00E5DF9A /* CitySimCoreiOSTests.xctest */ = {isa = PBXFileReference; explicitFileType = wrapper.cfbundle; includeInIndex = 0; path = CitySimCoreiOSTests.xctest; sourceTree = BUILT_PRODUCTS_DIR; };
		E2782CB91CE5DBDA00E5DF9A /* CitySimCoreMacOS.framework */ = {isa = PBXFileReference; explicitFileType = wrapper.framework; includeInIndex = 0; path = CitySimCoreMacOS.framework; sourceTree = BUILT_PRODUCTS_DIR; };
		E2782CC21CE5DBDA00E5DF9A /* CitySimCoreMacOSTests.xctest */ = {isa = PBXFileReference; explicitFileType = wrapper.cfbundle; includeInIndex = 0; path = CitySimCoreMacOSTests.xctest; sourceTree = BUILT_PRODUCTS_DIR; };
		E2782CD11CE5DD0D00E5DF9A /* CitySimCore.h */ = {isa = PBXFileReference; lastKnownFileType = sourcecode.c.h; path = CitySimCore.h; sourceTree = "<group>"; };
		E2782CD21CE5DD0D00E5DF9A /* Info.plist */ = {isa = PBXFileReference; lastKnownFileType = text.plist.xml; path = Info.plist; sourceTree = "<group>"; };
		E2782CD51CE5DD0D00E5DF9A /* Info.plist */ = {isa = PBXFileReference; lastKnownFileType = text.plist.xml; path = Info.plist; sourceTree = "<group>"; };
		E292B5CC1CEB6209001C4A23 /* StatisticsLayerTests.swift */ = {isa = PBXFileReference; fileEncoding = 4; lastKnownFileType = sourcecode.swift; path = StatisticsLayerTests.swift; sourceTree = "<group>"; };
		E292B5CF1CEB66E2001C4A23 /* StatisticsLayerError.swift */ = {isa = PBXFileReference; fileEncoding = 4; lastKnownFileType = sourcecode.swift; path = StatisticsLayerError.swift; sourceTree = "<group>"; };
		E2A48B8B1CEB3688006D272B /* SmallParkPlopp.swift */ = {isa = PBXFileReference; fileEncoding = 4; lastKnownFileType = sourcecode.swift; path = SmallParkPlopp.swift; sourceTree = "<group>"; };
		E2A48B8E1CEB36A1006D272B /* StreetPlopp.swift */ = {isa = PBXFileReference; fileEncoding = 4; lastKnownFileType = sourcecode.swift; path = StreetPlopp.swift; sourceTree = "<group>"; };
		E2D86CD61CEA4247007EABD8 /* Tileable.swift */ = {isa = PBXFileReference; fileEncoding = 4; lastKnownFileType = sourcecode.swift; path = Tileable.swift; sourceTree = "<group>"; };
		E2D86CD71CEA4247007EABD8 /* TileType.swift */ = {isa = PBXFileReference; fileEncoding = 4; lastKnownFileType = sourcecode.swift; path = TileType.swift; sourceTree = "<group>"; };
		E2D86D001CEA4364007EABD8 /* TileLayer.swift */ = {isa = PBXFileReference; fileEncoding = 4; lastKnownFileType = sourcecode.swift; path = TileLayer.swift; sourceTree = "<group>"; };
		E2D86D081CEA44E2007EABD8 /* Ploppable.swift */ = {isa = PBXFileReference; fileEncoding = 4; lastKnownFileType = sourcecode.swift; path = Ploppable.swift; sourceTree = "<group>"; };
		E2D86D091CEA44E2007EABD8 /* PloppableType.swift */ = {isa = PBXFileReference; fileEncoding = 4; lastKnownFileType = sourcecode.swift; path = PloppableType.swift; sourceTree = "<group>"; };
		E2D86D0C1CEA44E2007EABD8 /* Propable.swift */ = {isa = PBXFileReference; fileEncoding = 4; lastKnownFileType = sourcecode.swift; path = Propable.swift; sourceTree = "<group>"; };
		E2D86D0D1CEA44E2007EABD8 /* PropType.swift */ = {isa = PBXFileReference; fileEncoding = 4; lastKnownFileType = sourcecode.swift; path = PropType.swift; sourceTree = "<group>"; };
		E2D86D101CEA44E2007EABD8 /* Zoneable.swift */ = {isa = PBXFileReference; fileEncoding = 4; lastKnownFileType = sourcecode.swift; path = Zoneable.swift; sourceTree = "<group>"; };
		E2D86D111CEA44E2007EABD8 /* ZoneableType.swift */ = {isa = PBXFileReference; fileEncoding = 4; lastKnownFileType = sourcecode.swift; path = ZoneableType.swift; sourceTree = "<group>"; };
		E2EDA04B1CEDD2DA000464C5 /* TreeProp.swift */ = {isa = PBXFileReference; fileEncoding = 4; lastKnownFileType = sourcecode.swift; path = TreeProp.swift; sourceTree = "<group>"; };
		E2EDA04E1CEDD325000464C5 /* Condition.swift */ = {isa = PBXFileReference; fileEncoding = 4; lastKnownFileType = sourcecode.swift; path = Condition.swift; sourceTree = "<group>"; };
		E2EDA0511CEDD330000464C5 /* Conditionable.swift */ = {isa = PBXFileReference; fileEncoding = 4; lastKnownFileType = sourcecode.swift; path = Conditionable.swift; sourceTree = "<group>"; };
		E2EDA0541CEDD361000464C5 /* PlaceNearStreet.swift */ = {isa = PBXFileReference; fileEncoding = 4; lastKnownFileType = sourcecode.swift; path = PlaceNearStreet.swift; sourceTree = "<group>"; };
		E2EDA0581CEDD74C000464C5 /* SmallParkPloppTestDouble.swift */ = {isa = PBXFileReference; fileEncoding = 4; lastKnownFileType = sourcecode.swift; path = SmallParkPloppTestDouble.swift; sourceTree = "<group>"; };
		E2EDA0591CEDD74C000464C5 /* SmallResidentialZoneTestDouble.swift */ = {isa = PBXFileReference; fileEncoding = 4; lastKnownFileType = sourcecode.swift; path = SmallResidentialZoneTestDouble.swift; sourceTree = "<group>"; };
		E2EDA05A1CEDD74C000464C5 /* StreetPloppTestDouble.swift */ = {isa = PBXFileReference; fileEncoding = 4; lastKnownFileType = sourcecode.swift; path = StreetPloppTestDouble.swift; sourceTree = "<group>"; };
		E2EDA05B1CEDD74C000464C5 /* TreePropTestDouble.swift */ = {isa = PBXFileReference; fileEncoding = 4; lastKnownFileType = sourcecode.swift; path = TreePropTestDouble.swift; sourceTree = "<group>"; };
		E2EDA05C1CEDD74C000464C5 /* WaterPropTestDouble.swift */ = {isa = PBXFileReference; fileEncoding = 4; lastKnownFileType = sourcecode.swift; path = WaterPropTestDouble.swift; sourceTree = "<group>"; };
		E2EDA0671CEDD874000464C5 /* SmallCommercialZone.swift */ = {isa = PBXFileReference; fileEncoding = 4; lastKnownFileType = sourcecode.swift; path = SmallCommercialZone.swift; sourceTree = "<group>"; };
/* End PBXFileReference section */

/* Begin PBXFrameworksBuildPhase section */
		E2782C961CE5D72F00E5DF9A /* Frameworks */ = {
			isa = PBXFrameworksBuildPhase;
			buildActionMask = 2147483647;
			files = (
			);
			runOnlyForDeploymentPostprocessing = 0;
		};
		E2782CA11CE5D72F00E5DF9A /* Frameworks */ = {
			isa = PBXFrameworksBuildPhase;
			buildActionMask = 2147483647;
			files = (
				E2782CA51CE5D72F00E5DF9A /* CitySimCoreiOS.framework in Frameworks */,
			);
			runOnlyForDeploymentPostprocessing = 0;
		};
		E2782CB51CE5DBDA00E5DF9A /* Frameworks */ = {
			isa = PBXFrameworksBuildPhase;
			buildActionMask = 2147483647;
			files = (
			);
			runOnlyForDeploymentPostprocessing = 0;
		};
		E2782CBF1CE5DBDA00E5DF9A /* Frameworks */ = {
			isa = PBXFrameworksBuildPhase;
			buildActionMask = 2147483647;
			files = (
				E2782CC31CE5DBDA00E5DF9A /* CitySimCoreMacOS.framework in Frameworks */,
			);
			runOnlyForDeploymentPostprocessing = 0;
		};
/* End PBXFrameworksBuildPhase section */

/* Begin PBXGroup section */
		E200666A1CEC8B9000E55D4B /* TileableAttributes */ = {
			isa = PBXGroup;
			children = (
				E200666B1CEC8B9000E55D4B /* MapStatistic.swift */,
				E200666C1CEC8B9000E55D4B /* MapStatistical.swift */,
				E20066711CEC8BA500E55D4B /* NotRemoveable.swift */,
				E2EDA04E1CEDD325000464C5 /* Condition.swift */,
				E2EDA0511CEDD330000464C5 /* Conditionable.swift */,
				E2EDA0541CEDD361000464C5 /* PlaceNearStreet.swift */,
			);
			path = TileableAttributes;
			sourceTree = "<group>";
		};
		E20B149E1CE6108F0067BC91 /* Lib */ = {
			isa = PBXGroup;
			children = (
				E20B149F1CE6108F0067BC91 /* Array2DMapping.swift */,
				E2663E6A1CEF2D4200B179ED /* Containing.swift */,
				E227B92E1CEF62060052918B /* Event */,
			);
			path = Lib;
			sourceTree = "<group>";
		};
		E20B14A01CE6108F0067BC91 /* Model */ = {
			isa = PBXGroup;
			children = (
				E200666A1CEC8B9000E55D4B /* TileableAttributes */,
				E2D86CCD1CEA4247007EABD8 /* Tileable */,
				E20B14A41CE6108F0067BC91 /* Locateable.swift */,
				E20B14A51CE6108F0067BC91 /* Location.swift */,
			);
			path = Model;
			sourceTree = "<group>";
		};
		E20B14B21CE6108F0067BC91 /* Util */ = {
			isa = PBXGroup;
			children = (
				E20B14B31CE6108F0067BC91 /* CityMapError.swift */,
				E20B14B51CE6108F0067BC91 /* TileableMapError.swift */,
				E292B5CF1CEB66E2001C4A23 /* StatisticsLayerError.swift */,
			);
			path = Util;
			sourceTree = "<group>";
		};
		E227B92E1CEF62060052918B /* Event */ = {
			isa = PBXGroup;
			children = (
				E227B92F1CEF62120052918B /* EventNaming.swift */,
				E227B9321CEF62200052918B /* EventEmitting.swift */,
				E227B9351CEF624C0052918B /* EventSubscribing.swift */,
			);
			path = Event;
			sourceTree = "<group>";
		};
		E2663E6D1CEF304C00B179ED /* Actors */ = {
			isa = PBXGroup;
			children = (
				E2663E6E1CEF305900B179ED /* Acting.swift */,
			);
			path = Actors;
			sourceTree = "<group>";
		};
		E2782C901CE5D72F00E5DF9A = {
			isa = PBXGroup;
			children = (
				E2782CD01CE5DD0D00E5DF9A /* src */,
				E2782CD31CE5DD0D00E5DF9A /* Tests */,
				E2782C9B1CE5D72F00E5DF9A /* Products */,
			);
			sourceTree = "<group>";
		};
		E2782C9B1CE5D72F00E5DF9A /* Products */ = {
			isa = PBXGroup;
			children = (
				E2782C9A1CE5D72F00E5DF9A /* CitySimCoreiOS.framework */,
				E2782CA41CE5D72F00E5DF9A /* CitySimCoreiOSTests.xctest */,
				E2782CB91CE5DBDA00E5DF9A /* CitySimCoreMacOS.framework */,
				E2782CC21CE5DBDA00E5DF9A /* CitySimCoreMacOSTests.xctest */,
			);
			name = Products;
			sourceTree = "<group>";
		};
		E2782CD01CE5DD0D00E5DF9A /* src */ = {
			isa = PBXGroup;
			children = (
				E2663E6D1CEF304C00B179ED /* Actors */,
				E2A48B8A1CEB3678006D272B /* Content */,
				E20B149E1CE6108F0067BC91 /* Lib */,
				E2D86CFE1CEA4364007EABD8 /* MapLayer */,
				E20B14A01CE6108F0067BC91 /* Model */,
				E20B14B21CE6108F0067BC91 /* Util */,
				E20B14DE1CE610CE0067BC91 /* CityMap.swift */,
				E2782CD11CE5DD0D00E5DF9A /* CitySimCore.h */,
				E2782CD21CE5DD0D00E5DF9A /* Info.plist */,
			);
			path = src;
			sourceTree = "<group>";
		};
		E2782CD31CE5DD0D00E5DF9A /* Tests */ = {
			isa = PBXGroup;
			children = (
				E2EDA0571CEDD74C000464C5 /* TestDoubles */,
				E20B14441CE5EC420067BC91 /* LocationTests.swift */,
				E292B5CC1CEB6209001C4A23 /* StatisticsLayerTests.swift */,
				E2663E711CEF328F00B179ED /* StatisticlayersContainerTests.swift */,
				E20B14E61CE613F00067BC91 /* TileLayerTests.swift */,
				E20B14E11CE611460067BC91 /* TileTypeTests.swift */,
				E2782CD51CE5DD0D00E5DF9A /* Info.plist */,
			);
			path = Tests;
			sourceTree = "<group>";
		};
		E2A48B8A1CEB3678006D272B /* Content */ = {
			isa = PBXGroup;
			children = (
				E2A48B8B1CEB3688006D272B /* SmallParkPlopp.swift */,
				E2A48B8E1CEB36A1006D272B /* StreetPlopp.swift */,
				E20066601CEC7EE700E55D4B /* WaterProp.swift */,
				E2EDA0671CEDD874000464C5 /* SmallCommercialZone.swift */,
				E222DD4C1CEDD9AF0040F55A /* SmallIndustrialZone.swift */,
				E20066621CEC7EF700E55D4B /* SmallResidentialZone.swift */,
				E2EDA04B1CEDD2DA000464C5 /* TreeProp.swift */,
			);
			path = Content;
			sourceTree = "<group>";
		};
		E2D86CCD1CEA4247007EABD8 /* Tileable */ = {
			isa = PBXGroup;
			children = (
				E2D86D051CEA44E2007EABD8 /* Plopp */,
				E2D86D0A1CEA44E2007EABD8 /* Prop */,
				E2D86D0E1CEA44E2007EABD8 /* Zone */,
				E2D86CD61CEA4247007EABD8 /* Tileable.swift */,
				E2D86CD71CEA4247007EABD8 /* TileType.swift */,
			);
			path = Tileable;
			sourceTree = "<group>";
		};
		E2D86CFE1CEA4364007EABD8 /* MapLayer */ = {
			isa = PBXGroup;
			children = (
				E22D20791CEB33D700E97894 /* StatisticsLayering.swift */,
				E2D86D001CEA4364007EABD8 /* TileLayer.swift */,
				E22D207F1CEB33FE00E97894 /* StatisticsLayer.swift */,
				E22D20821CEB341100E97894 /* StatisticlayersContainer.swift */,
			);
			path = MapLayer;
			sourceTree = "<group>";
		};
		E2D86D051CEA44E2007EABD8 /* Plopp */ = {
			isa = PBXGroup;
			children = (
				E2D86D081CEA44E2007EABD8 /* Ploppable.swift */,
				E2D86D091CEA44E2007EABD8 /* PloppableType.swift */,
			);
			path = Plopp;
			sourceTree = "<group>";
		};
		E2D86D0A1CEA44E2007EABD8 /* Prop */ = {
			isa = PBXGroup;
			children = (
				E2D86D0C1CEA44E2007EABD8 /* Propable.swift */,
				E2D86D0D1CEA44E2007EABD8 /* PropType.swift */,
			);
			path = Prop;
			sourceTree = "<group>";
		};
		E2D86D0E1CEA44E2007EABD8 /* Zone */ = {
			isa = PBXGroup;
			children = (
				E2D86D101CEA44E2007EABD8 /* Zoneable.swift */,
				E2D86D111CEA44E2007EABD8 /* ZoneableType.swift */,
			);
			path = Zone;
			sourceTree = "<group>";
		};
		E2EDA0571CEDD74C000464C5 /* TestDoubles */ = {
			isa = PBXGroup;
			children = (
				E2EDA0581CEDD74C000464C5 /* SmallParkPloppTestDouble.swift */,
				E2EDA0591CEDD74C000464C5 /* SmallResidentialZoneTestDouble.swift */,
				E2EDA05A1CEDD74C000464C5 /* StreetPloppTestDouble.swift */,
				E2EDA05B1CEDD74C000464C5 /* TreePropTestDouble.swift */,
				E2EDA05C1CEDD74C000464C5 /* WaterPropTestDouble.swift */,
			);
			path = TestDoubles;
			sourceTree = "<group>";
		};
/* End PBXGroup section */

/* Begin PBXHeadersBuildPhase section */
		E2782C971CE5D72F00E5DF9A /* Headers */ = {
			isa = PBXHeadersBuildPhase;
			buildActionMask = 2147483647;
			files = (
				E2782CD61CE5DD2300E5DF9A /* CitySimCore.h in Headers */,
			);
			runOnlyForDeploymentPostprocessing = 0;
		};
		E2782CB61CE5DBDA00E5DF9A /* Headers */ = {
			isa = PBXHeadersBuildPhase;
			buildActionMask = 2147483647;
			files = (
				E2782CD71CE5DD2700E5DF9A /* CitySimCore.h in Headers */,
			);
			runOnlyForDeploymentPostprocessing = 0;
		};
/* End PBXHeadersBuildPhase section */

/* Begin PBXNativeTarget section */
		E2782C991CE5D72F00E5DF9A /* CitySimCoreiOS */ = {
			isa = PBXNativeTarget;
			buildConfigurationList = E2782CAE1CE5D72F00E5DF9A /* Build configuration list for PBXNativeTarget "CitySimCoreiOS" */;
			buildPhases = (
				E2782C951CE5D72F00E5DF9A /* Sources */,
				E2782C961CE5D72F00E5DF9A /* Frameworks */,
				E2782C971CE5D72F00E5DF9A /* Headers */,
				E2782C981CE5D72F00E5DF9A /* Resources */,
			);
			buildRules = (
			);
			dependencies = (
			);
			name = CitySimCoreiOS;
			productName = CitySimCore;
			productReference = E2782C9A1CE5D72F00E5DF9A /* CitySimCoreiOS.framework */;
			productType = "com.apple.product-type.framework";
		};
		E2782CA31CE5D72F00E5DF9A /* CitySimCoreiOSTests */ = {
			isa = PBXNativeTarget;
			buildConfigurationList = E2782CB11CE5D72F00E5DF9A /* Build configuration list for PBXNativeTarget "CitySimCoreiOSTests" */;
			buildPhases = (
				E2782CA01CE5D72F00E5DF9A /* Sources */,
				E2782CA11CE5D72F00E5DF9A /* Frameworks */,
				E2782CA21CE5D72F00E5DF9A /* Resources */,
			);
			buildRules = (
			);
			dependencies = (
				E2782CA71CE5D72F00E5DF9A /* PBXTargetDependency */,
			);
			name = CitySimCoreiOSTests;
			productName = CitySimCoreTests;
			productReference = E2782CA41CE5D72F00E5DF9A /* CitySimCoreiOSTests.xctest */;
			productType = "com.apple.product-type.bundle.unit-test";
		};
		E2782CB81CE5DBDA00E5DF9A /* CitySimCoreMacOS */ = {
			isa = PBXNativeTarget;
			buildConfigurationList = E2782CCA1CE5DBDA00E5DF9A /* Build configuration list for PBXNativeTarget "CitySimCoreMacOS" */;
			buildPhases = (
				E2782CB41CE5DBDA00E5DF9A /* Sources */,
				E2782CB51CE5DBDA00E5DF9A /* Frameworks */,
				E2782CB61CE5DBDA00E5DF9A /* Headers */,
				E2782CB71CE5DBDA00E5DF9A /* Resources */,
			);
			buildRules = (
			);
			dependencies = (
			);
			name = CitySimCoreMacOS;
			productName = CitySimCoreMacOS;
			productReference = E2782CB91CE5DBDA00E5DF9A /* CitySimCoreMacOS.framework */;
			productType = "com.apple.product-type.framework";
		};
		E2782CC11CE5DBDA00E5DF9A /* CitySimCoreMacOSTests */ = {
			isa = PBXNativeTarget;
			buildConfigurationList = E2782CCD1CE5DBDA00E5DF9A /* Build configuration list for PBXNativeTarget "CitySimCoreMacOSTests" */;
			buildPhases = (
				E2782CBE1CE5DBDA00E5DF9A /* Sources */,
				E2782CBF1CE5DBDA00E5DF9A /* Frameworks */,
				E2782CC01CE5DBDA00E5DF9A /* Resources */,
			);
			buildRules = (
			);
			dependencies = (
				E2782CC51CE5DBDA00E5DF9A /* PBXTargetDependency */,
			);
			name = CitySimCoreMacOSTests;
			productName = CitySimCoreMacOSTests;
			productReference = E2782CC21CE5DBDA00E5DF9A /* CitySimCoreMacOSTests.xctest */;
			productType = "com.apple.product-type.bundle.unit-test";
		};
/* End PBXNativeTarget section */

/* Begin PBXProject section */
		E2782C911CE5D72F00E5DF9A /* Project object */ = {
			isa = PBXProject;
			attributes = {
				LastSwiftUpdateCheck = 0730;
				LastUpgradeCheck = 0730;
				ORGANIZATIONNAME = "Steve Rohrlack";
				TargetAttributes = {
					E2782C991CE5D72F00E5DF9A = {
						CreatedOnToolsVersion = 7.3.1;
					};
					E2782CA31CE5D72F00E5DF9A = {
						CreatedOnToolsVersion = 7.3.1;
					};
					E2782CB81CE5DBDA00E5DF9A = {
						CreatedOnToolsVersion = 7.3.1;
					};
					E2782CC11CE5DBDA00E5DF9A = {
						CreatedOnToolsVersion = 7.3.1;
					};
				};
			};
			buildConfigurationList = E2782C941CE5D72F00E5DF9A /* Build configuration list for PBXProject "CitySimCore" */;
			compatibilityVersion = "Xcode 3.2";
			developmentRegion = English;
			hasScannedForEncodings = 0;
			knownRegions = (
				en,
			);
			mainGroup = E2782C901CE5D72F00E5DF9A;
			productRefGroup = E2782C9B1CE5D72F00E5DF9A /* Products */;
			projectDirPath = "";
			projectRoot = "";
			targets = (
				E2782C991CE5D72F00E5DF9A /* CitySimCoreiOS */,
				E2782CA31CE5D72F00E5DF9A /* CitySimCoreiOSTests */,
				E2782CB81CE5DBDA00E5DF9A /* CitySimCoreMacOS */,
				E2782CC11CE5DBDA00E5DF9A /* CitySimCoreMacOSTests */,
			);
		};
/* End PBXProject section */

/* Begin PBXResourcesBuildPhase section */
		E2782C981CE5D72F00E5DF9A /* Resources */ = {
			isa = PBXResourcesBuildPhase;
			buildActionMask = 2147483647;
			files = (
			);
			runOnlyForDeploymentPostprocessing = 0;
		};
		E2782CA21CE5D72F00E5DF9A /* Resources */ = {
			isa = PBXResourcesBuildPhase;
			buildActionMask = 2147483647;
			files = (
			);
			runOnlyForDeploymentPostprocessing = 0;
		};
		E2782CB71CE5DBDA00E5DF9A /* Resources */ = {
			isa = PBXResourcesBuildPhase;
			buildActionMask = 2147483647;
			files = (
			);
			runOnlyForDeploymentPostprocessing = 0;
		};
		E2782CC01CE5DBDA00E5DF9A /* Resources */ = {
			isa = PBXResourcesBuildPhase;
			buildActionMask = 2147483647;
			files = (
			);
			runOnlyForDeploymentPostprocessing = 0;
		};
/* End PBXResourcesBuildPhase section */

/* Begin PBXSourcesBuildPhase section */
		E2782C951CE5D72F00E5DF9A /* Sources */ = {
			isa = PBXSourcesBuildPhase;
			buildActionMask = 2147483647;
			files = (
				E200666F1CEC8B9000E55D4B /* MapStatistical.swift in Sources */,
				E2D86CED1CEA4247007EABD8 /* TileType.swift in Sources */,
				E22D207A1CEB33D700E97894 /* StatisticsLayering.swift in Sources */,
				E200666D1CEC8B9000E55D4B /* MapStatistic.swift in Sources */,
				E2D86D161CEA44E2007EABD8 /* Ploppable.swift in Sources */,
				E20B14B61CE6108F0067BC91 /* Array2DMapping.swift in Sources */,
				E2D86D1E1CEA44E2007EABD8 /* PropType.swift in Sources */,
				E2D86CEB1CEA4247007EABD8 /* Tileable.swift in Sources */,
				E222DD4D1CEDD9AF0040F55A /* SmallIndustrialZone.swift in Sources */,
				E227B9331CEF62200052918B /* EventEmitting.swift in Sources */,
				E2663E6F1CEF305900B179ED /* Acting.swift in Sources */,
				E227B9301CEF62120052918B /* EventNaming.swift in Sources */,
				E2EDA04F1CEDD325000464C5 /* Condition.swift in Sources */,
				E2D86D221CEA44E2007EABD8 /* Zoneable.swift in Sources */,
				E227B9361CEF624C0052918B /* EventSubscribing.swift in Sources */,
				E20B14D81CE6108F0067BC91 /* CityMapError.swift in Sources */,
				E2D86D1C1CEA44E2007EABD8 /* Propable.swift in Sources */,
				E2D86D241CEA44E2007EABD8 /* ZoneableType.swift in Sources */,
				E22D20831CEB341100E97894 /* StatisticlayersContainer.swift in Sources */,
				E292B5D01CEB66E2001C4A23 /* StatisticsLayerError.swift in Sources */,
				E2EDA0551CEDD361000464C5 /* PlaceNearStreet.swift in Sources */,
				E2D86D031CEA4364007EABD8 /* TileLayer.swift in Sources */,
				E20B14DC1CE6108F0067BC91 /* TileableMapError.swift in Sources */,
				E2663E6B1CEF2D4200B179ED /* Containing.swift in Sources */,
				E20B14BE1CE6108F0067BC91 /* Location.swift in Sources */,
				E2EDA0521CEDD330000464C5 /* Conditionable.swift in Sources */,
				E20066721CEC8BA500E55D4B /* NotRemoveable.swift in Sources */,
				E22D20801CEB33FE00E97894 /* StatisticsLayer.swift in Sources */,
				E20B14DF1CE610CE0067BC91 /* CityMap.swift in Sources */,
				E20B14BC1CE6108F0067BC91 /* Locateable.swift in Sources */,
				E2D86D181CEA44E2007EABD8 /* PloppableType.swift in Sources */,
				E20066631CEC7EF700E55D4B /* SmallResidentialZone.swift in Sources */,
				E2EDA06A1CEDD898000464C5 /* SmallCommercialZone.swift in Sources */,
				E2A48B8F1CEB36A1006D272B /* StreetPlopp.swift in Sources */,
				E20066611CEC7EE700E55D4B /* WaterProp.swift in Sources */,
				E2EDA04C1CEDD2DA000464C5 /* TreeProp.swift in Sources */,
				E2A48B8C1CEB3688006D272B /* SmallParkPlopp.swift in Sources */,
			);
			runOnlyForDeploymentPostprocessing = 0;
		};
		E2782CA01CE5D72F00E5DF9A /* Sources */ = {
			isa = PBXSourcesBuildPhase;
			buildActionMask = 2147483647;
			files = (
				E292B5CD1CEB6209001C4A23 /* StatisticsLayerTests.swift in Sources */,
				E20B14E41CE611920067BC91 /* TileTypeTests.swift in Sources */,
				E2663E721CEF328F00B179ED /* StatisticlayersContainerTests.swift in Sources */,
				E2EDA0631CEDD74C000464C5 /* TreePropTestDouble.swift in Sources */,
				E2EDA0651CEDD74C000464C5 /* WaterPropTestDouble.swift in Sources */,
				E2EDA05F1CEDD74C000464C5 /* SmallResidentialZoneTestDouble.swift in Sources */,
				E2EDA05D1CEDD74C000464C5 /* SmallParkPloppTestDouble.swift in Sources */,
				E2EDA0611CEDD74C000464C5 /* StreetPloppTestDouble.swift in Sources */,
				E20B14E71CE613F00067BC91 /* TileLayerTests.swift in Sources */,
				E20B14451CE5EF160067BC91 /* LocationTests.swift in Sources */,
			);
			runOnlyForDeploymentPostprocessing = 0;
		};
		E2782CB41CE5DBDA00E5DF9A /* Sources */ = {
			isa = PBXSourcesBuildPhase;
			buildActionMask = 2147483647;
			files = (
				E2EDA06B1CEDD89F000464C5 /* WaterProp.swift in Sources */,
				E2EDA06D1CEDD89F000464C5 /* SmallResidentialZone.swift in Sources */,
				E2EDA06C1CEDD89F000464C5 /* SmallCommercialZone.swift in Sources */,
				E2A48B901CEB36A1006D272B /* StreetPlopp.swift in Sources */,
				E2D86CEE1CEA4247007EABD8 /* TileType.swift in Sources */,
				E22D207B1CEB33D700E97894 /* StatisticsLayering.swift in Sources */,
				E2EDA0531CEDD330000464C5 /* Conditionable.swift in Sources */,
				E2D86D171CEA44E2007EABD8 /* Ploppable.swift in Sources */,
				E222DD4E1CEDD9AF0040F55A /* SmallIndustrialZone.swift in Sources */,
				E227B9341CEF62200052918B /* EventEmitting.swift in Sources */,
				E2663E701CEF305900B179ED /* Acting.swift in Sources */,
				E227B9311CEF62120052918B /* EventNaming.swift in Sources */,
				E20B14B71CE6108F0067BC91 /* Array2DMapping.swift in Sources */,
				E2EDA0561CEDD361000464C5 /* PlaceNearStreet.swift in Sources */,
				E227B9371CEF624C0052918B /* EventSubscribing.swift in Sources */,
				E2D86D1F1CEA44E2007EABD8 /* PropType.swift in Sources */,
				E2D86CEC1CEA4247007EABD8 /* Tileable.swift in Sources */,
				E2EDA04D1CEDD2DA000464C5 /* TreeProp.swift in Sources */,
				E200666E1CEC8B9000E55D4B /* MapStatistic.swift in Sources */,
				E2D86D231CEA44E2007EABD8 /* Zoneable.swift in Sources */,
				E20B14D91CE6108F0067BC91 /* CityMapError.swift in Sources */,
				E2D86D1D1CEA44E2007EABD8 /* Propable.swift in Sources */,
				E2D86D251CEA44E2007EABD8 /* ZoneableType.swift in Sources */,
				E2663E6C1CEF2D4200B179ED /* Containing.swift in Sources */,
				E22D20841CEB341100E97894 /* StatisticlayersContainer.swift in Sources */,
				E292B5D11CEB66E2001C4A23 /* StatisticsLayerError.swift in Sources */,
				E20066701CEC8B9000E55D4B /* MapStatistical.swift in Sources */,
				E2D86D041CEA4364007EABD8 /* TileLayer.swift in Sources */,
				E20B14DD1CE6108F0067BC91 /* TileableMapError.swift in Sources */,
				E20066731CEC8BA500E55D4B /* NotRemoveable.swift in Sources */,
				E20B14BF1CE6108F0067BC91 /* Location.swift in Sources */,
				E22D20811CEB33FE00E97894 /* StatisticsLayer.swift in Sources */,
				E2EDA0501CEDD325000464C5 /* Condition.swift in Sources */,
				E20B14E01CE610CE0067BC91 /* CityMap.swift in Sources */,
				E2A48B8D1CEB3688006D272B /* SmallParkPlopp.swift in Sources */,
				E20B14BD1CE6108F0067BC91 /* Locateable.swift in Sources */,
				E2D86D191CEA44E2007EABD8 /* PloppableType.swift in Sources */,
			);
			runOnlyForDeploymentPostprocessing = 0;
		};
		E2782CBE1CE5DBDA00E5DF9A /* Sources */ = {
			isa = PBXSourcesBuildPhase;
			buildActionMask = 2147483647;
			files = (
				E292B5CE1CEB6209001C4A23 /* StatisticsLayerTests.swift in Sources */,
				E20B14E51CE6119B0067BC91 /* TileTypeTests.swift in Sources */,
				E2663E731CEF328F00B179ED /* StatisticlayersContainerTests.swift in Sources */,
				E2EDA0641CEDD74C000464C5 /* TreePropTestDouble.swift in Sources */,
				E2EDA0661CEDD74C000464C5 /* WaterPropTestDouble.swift in Sources */,
				E2EDA0601CEDD74C000464C5 /* SmallResidentialZoneTestDouble.swift in Sources */,
				E2EDA05E1CEDD74C000464C5 /* SmallParkPloppTestDouble.swift in Sources */,
				E2EDA0621CEDD74C000464C5 /* StreetPloppTestDouble.swift in Sources */,
				E20B14E81CE613F00067BC91 /* TileLayerTests.swift in Sources */,
				E20B14461CE5EF1C0067BC91 /* LocationTests.swift in Sources */,
			);
			runOnlyForDeploymentPostprocessing = 0;
		};
/* End PBXSourcesBuildPhase section */

/* Begin PBXTargetDependency section */
		E2782CA71CE5D72F00E5DF9A /* PBXTargetDependency */ = {
			isa = PBXTargetDependency;
			target = E2782C991CE5D72F00E5DF9A /* CitySimCoreiOS */;
			targetProxy = E2782CA61CE5D72F00E5DF9A /* PBXContainerItemProxy */;
		};
		E2782CC51CE5DBDA00E5DF9A /* PBXTargetDependency */ = {
			isa = PBXTargetDependency;
			target = E2782CB81CE5DBDA00E5DF9A /* CitySimCoreMacOS */;
			targetProxy = E2782CC41CE5DBDA00E5DF9A /* PBXContainerItemProxy */;
		};
/* End PBXTargetDependency section */

/* Begin XCBuildConfiguration section */
		E2782CAC1CE5D72F00E5DF9A /* Debug */ = {
			isa = XCBuildConfiguration;
			buildSettings = {
				ALWAYS_SEARCH_USER_PATHS = NO;
				CLANG_ANALYZER_NONNULL = YES;
				CLANG_CXX_LANGUAGE_STANDARD = "gnu++0x";
				CLANG_CXX_LIBRARY = "libc++";
				CLANG_ENABLE_MODULES = YES;
				CLANG_ENABLE_OBJC_ARC = YES;
				CLANG_WARN_BOOL_CONVERSION = YES;
				CLANG_WARN_CONSTANT_CONVERSION = YES;
				CLANG_WARN_DIRECT_OBJC_ISA_USAGE = YES_ERROR;
				CLANG_WARN_EMPTY_BODY = YES;
				CLANG_WARN_ENUM_CONVERSION = YES;
				CLANG_WARN_INT_CONVERSION = YES;
				CLANG_WARN_OBJC_ROOT_CLASS = YES_ERROR;
				CLANG_WARN_UNREACHABLE_CODE = YES;
				CLANG_WARN__DUPLICATE_METHOD_MATCH = YES;
				"CODE_SIGN_IDENTITY[sdk=iphoneos*]" = "iPhone Developer";
				COPY_PHASE_STRIP = NO;
				CURRENT_PROJECT_VERSION = 1;
				DEBUG_INFORMATION_FORMAT = dwarf;
				ENABLE_STRICT_OBJC_MSGSEND = YES;
				ENABLE_TESTABILITY = YES;
				GCC_C_LANGUAGE_STANDARD = gnu99;
				GCC_DYNAMIC_NO_PIC = NO;
				GCC_NO_COMMON_BLOCKS = YES;
				GCC_OPTIMIZATION_LEVEL = 0;
				GCC_PREPROCESSOR_DEFINITIONS = (
					"DEBUG=1",
					"$(inherited)",
				);
				GCC_WARN_64_TO_32_BIT_CONVERSION = YES;
				GCC_WARN_ABOUT_RETURN_TYPE = YES_ERROR;
				GCC_WARN_UNDECLARED_SELECTOR = YES;
				GCC_WARN_UNINITIALIZED_AUTOS = YES_AGGRESSIVE;
				GCC_WARN_UNUSED_FUNCTION = YES;
				GCC_WARN_UNUSED_VARIABLE = YES;
				IPHONEOS_DEPLOYMENT_TARGET = 9.3;
				MACOSX_DEPLOYMENT_TARGET = 10.11;
				MTL_ENABLE_DEBUG_INFO = YES;
				ONLY_ACTIVE_ARCH = YES;
				SDKROOT = iphoneos;
				SWIFT_OPTIMIZATION_LEVEL = "-Onone";
				TARGETED_DEVICE_FAMILY = "1,2";
				VERSIONING_SYSTEM = "apple-generic";
				VERSION_INFO_PREFIX = "";
			};
			name = Debug;
		};
		E2782CAD1CE5D72F00E5DF9A /* Release */ = {
			isa = XCBuildConfiguration;
			buildSettings = {
				ALWAYS_SEARCH_USER_PATHS = NO;
				CLANG_ANALYZER_NONNULL = YES;
				CLANG_CXX_LANGUAGE_STANDARD = "gnu++0x";
				CLANG_CXX_LIBRARY = "libc++";
				CLANG_ENABLE_MODULES = YES;
				CLANG_ENABLE_OBJC_ARC = YES;
				CLANG_WARN_BOOL_CONVERSION = YES;
				CLANG_WARN_CONSTANT_CONVERSION = YES;
				CLANG_WARN_DIRECT_OBJC_ISA_USAGE = YES_ERROR;
				CLANG_WARN_EMPTY_BODY = YES;
				CLANG_WARN_ENUM_CONVERSION = YES;
				CLANG_WARN_INT_CONVERSION = YES;
				CLANG_WARN_OBJC_ROOT_CLASS = YES_ERROR;
				CLANG_WARN_UNREACHABLE_CODE = YES;
				CLANG_WARN__DUPLICATE_METHOD_MATCH = YES;
				"CODE_SIGN_IDENTITY[sdk=iphoneos*]" = "iPhone Developer";
				COPY_PHASE_STRIP = NO;
				CURRENT_PROJECT_VERSION = 1;
				DEBUG_INFORMATION_FORMAT = "dwarf-with-dsym";
				ENABLE_NS_ASSERTIONS = NO;
				ENABLE_STRICT_OBJC_MSGSEND = YES;
				GCC_C_LANGUAGE_STANDARD = gnu99;
				GCC_NO_COMMON_BLOCKS = YES;
				GCC_WARN_64_TO_32_BIT_CONVERSION = YES;
				GCC_WARN_ABOUT_RETURN_TYPE = YES_ERROR;
				GCC_WARN_UNDECLARED_SELECTOR = YES;
				GCC_WARN_UNINITIALIZED_AUTOS = YES_AGGRESSIVE;
				GCC_WARN_UNUSED_FUNCTION = YES;
				GCC_WARN_UNUSED_VARIABLE = YES;
				IPHONEOS_DEPLOYMENT_TARGET = 9.3;
				MACOSX_DEPLOYMENT_TARGET = 10.11;
				MTL_ENABLE_DEBUG_INFO = NO;
				SDKROOT = iphoneos;
				TARGETED_DEVICE_FAMILY = "1,2";
				VALIDATE_PRODUCT = YES;
				VERSIONING_SYSTEM = "apple-generic";
				VERSION_INFO_PREFIX = "";
			};
			name = Release;
		};
		E2782CAF1CE5D72F00E5DF9A /* Debug */ = {
			isa = XCBuildConfiguration;
			buildSettings = {
				CLANG_ENABLE_MODULES = YES;
				DEFINES_MODULE = YES;
				DYLIB_COMPATIBILITY_VERSION = 1;
				DYLIB_CURRENT_VERSION = 1;
				DYLIB_INSTALL_NAME_BASE = "@rpath";
				INFOPLIST_FILE = src/Info.plist;
				INSTALL_PATH = "$(LOCAL_LIBRARY_DIR)/Frameworks";
				LD_RUNPATH_SEARCH_PATHS = "$(inherited) @executable_path/Frameworks @loader_path/Frameworks";
				PRODUCT_BUNDLE_IDENTIFIER = steve.rohrlack.CitySimCoreiOS;
				PRODUCT_NAME = "$(TARGET_NAME)";
				SKIP_INSTALL = YES;
				SWIFT_OPTIMIZATION_LEVEL = "-Onone";
			};
			name = Debug;
		};
		E2782CB01CE5D72F00E5DF9A /* Release */ = {
			isa = XCBuildConfiguration;
			buildSettings = {
				CLANG_ENABLE_MODULES = YES;
				DEFINES_MODULE = YES;
				DYLIB_COMPATIBILITY_VERSION = 1;
				DYLIB_CURRENT_VERSION = 1;
				DYLIB_INSTALL_NAME_BASE = "@rpath";
				INFOPLIST_FILE = src/Info.plist;
				INSTALL_PATH = "$(LOCAL_LIBRARY_DIR)/Frameworks";
				LD_RUNPATH_SEARCH_PATHS = "$(inherited) @executable_path/Frameworks @loader_path/Frameworks";
				PRODUCT_BUNDLE_IDENTIFIER = steve.rohrlack.CitySimCoreiOS;
				PRODUCT_NAME = "$(TARGET_NAME)";
				SKIP_INSTALL = YES;
			};
			name = Release;
		};
		E2782CB21CE5D72F00E5DF9A /* Debug */ = {
			isa = XCBuildConfiguration;
			buildSettings = {
				EMBEDDED_CONTENT_CONTAINS_SWIFT = YES;
				INFOPLIST_FILE = Tests/Info.plist;
				LD_RUNPATH_SEARCH_PATHS = "$(inherited) @executable_path/Frameworks @loader_path/Frameworks";
				PRODUCT_BUNDLE_IDENTIFIER = steve.rohrlack.CitySimCoreTests;
				PRODUCT_NAME = "$(TARGET_NAME)";
			};
			name = Debug;
		};
		E2782CB31CE5D72F00E5DF9A /* Release */ = {
			isa = XCBuildConfiguration;
			buildSettings = {
				EMBEDDED_CONTENT_CONTAINS_SWIFT = YES;
				INFOPLIST_FILE = Tests/Info.plist;
				LD_RUNPATH_SEARCH_PATHS = "$(inherited) @executable_path/Frameworks @loader_path/Frameworks";
				PRODUCT_BUNDLE_IDENTIFIER = steve.rohrlack.CitySimCoreTests;
				PRODUCT_NAME = "$(TARGET_NAME)";
			};
			name = Release;
		};
		E2782CCB1CE5DBDA00E5DF9A /* Debug */ = {
			isa = XCBuildConfiguration;
			buildSettings = {
				CLANG_ENABLE_MODULES = YES;
				CODE_SIGN_IDENTITY = "-";
				COMBINE_HIDPI_IMAGES = YES;
				DEFINES_MODULE = YES;
				DYLIB_COMPATIBILITY_VERSION = 1;
				DYLIB_CURRENT_VERSION = 1;
				DYLIB_INSTALL_NAME_BASE = "@rpath";
				FRAMEWORK_VERSION = A;
				INFOPLIST_FILE = src/Info.plist;
				INSTALL_PATH = "$(LOCAL_LIBRARY_DIR)/Frameworks";
				LD_RUNPATH_SEARCH_PATHS = "$(inherited) @executable_path/../Frameworks @loader_path/Frameworks";
				MACOSX_DEPLOYMENT_TARGET = 10.11;
				PRODUCT_BUNDLE_IDENTIFIER = steve.rohrlack.CitySimCoreMacOS;
				PRODUCT_NAME = "$(TARGET_NAME)";
				SDKROOT = macosx;
				SKIP_INSTALL = YES;
				SWIFT_OPTIMIZATION_LEVEL = "-Onone";
			};
			name = Debug;
		};
		E2782CCC1CE5DBDA00E5DF9A /* Release */ = {
			isa = XCBuildConfiguration;
			buildSettings = {
				CLANG_ENABLE_MODULES = YES;
				CODE_SIGN_IDENTITY = "-";
				COMBINE_HIDPI_IMAGES = YES;
				DEFINES_MODULE = YES;
				DYLIB_COMPATIBILITY_VERSION = 1;
				DYLIB_CURRENT_VERSION = 1;
				DYLIB_INSTALL_NAME_BASE = "@rpath";
				FRAMEWORK_VERSION = A;
				INFOPLIST_FILE = src/Info.plist;
				INSTALL_PATH = "$(LOCAL_LIBRARY_DIR)/Frameworks";
				LD_RUNPATH_SEARCH_PATHS = "$(inherited) @executable_path/../Frameworks @loader_path/Frameworks";
				MACOSX_DEPLOYMENT_TARGET = 10.11;
				PRODUCT_BUNDLE_IDENTIFIER = steve.rohrlack.CitySimCoreMacOS;
				PRODUCT_NAME = "$(TARGET_NAME)";
				SDKROOT = macosx;
				SKIP_INSTALL = YES;
			};
			name = Release;
		};
		E2782CCE1CE5DBDA00E5DF9A /* Debug */ = {
			isa = XCBuildConfiguration;
			buildSettings = {
				CODE_SIGN_IDENTITY = "-";
				COMBINE_HIDPI_IMAGES = YES;
				EMBEDDED_CONTENT_CONTAINS_SWIFT = YES;
				INFOPLIST_FILE = Tests/Info.plist;
				LD_RUNPATH_SEARCH_PATHS = "$(inherited) @executable_path/../Frameworks @loader_path/../Frameworks";
				MACOSX_DEPLOYMENT_TARGET = 10.11;
				PRODUCT_BUNDLE_IDENTIFIER = steve.rohrlack.CitySimCoreMacOSTests;
				PRODUCT_NAME = "$(TARGET_NAME)";
				SDKROOT = macosx;
			};
			name = Debug;
		};
		E2782CCF1CE5DBDA00E5DF9A /* Release */ = {
			isa = XCBuildConfiguration;
			buildSettings = {
				CODE_SIGN_IDENTITY = "-";
				COMBINE_HIDPI_IMAGES = YES;
				EMBEDDED_CONTENT_CONTAINS_SWIFT = YES;
				INFOPLIST_FILE = Tests/Info.plist;
				LD_RUNPATH_SEARCH_PATHS = "$(inherited) @executable_path/../Frameworks @loader_path/../Frameworks";
				MACOSX_DEPLOYMENT_TARGET = 10.11;
				PRODUCT_BUNDLE_IDENTIFIER = steve.rohrlack.CitySimCoreMacOSTests;
				PRODUCT_NAME = "$(TARGET_NAME)";
				SDKROOT = macosx;
			};
			name = Release;
		};
/* End XCBuildConfiguration section */

/* Begin XCConfigurationList section */
		E2782C941CE5D72F00E5DF9A /* Build configuration list for PBXProject "CitySimCore" */ = {
			isa = XCConfigurationList;
			buildConfigurations = (
				E2782CAC1CE5D72F00E5DF9A /* Debug */,
				E2782CAD1CE5D72F00E5DF9A /* Release */,
			);
			defaultConfigurationIsVisible = 0;
			defaultConfigurationName = Debug;
		};
		E2782CAE1CE5D72F00E5DF9A /* Build configuration list for PBXNativeTarget "CitySimCoreiOS" */ = {
			isa = XCConfigurationList;
			buildConfigurations = (
				E2782CAF1CE5D72F00E5DF9A /* Debug */,
				E2782CB01CE5D72F00E5DF9A /* Release */,
			);
			defaultConfigurationIsVisible = 0;
			defaultConfigurationName = Debug;
		};
		E2782CB11CE5D72F00E5DF9A /* Build configuration list for PBXNativeTarget "CitySimCoreiOSTests" */ = {
			isa = XCConfigurationList;
			buildConfigurations = (
				E2782CB21CE5D72F00E5DF9A /* Debug */,
				E2782CB31CE5D72F00E5DF9A /* Release */,
			);
			defaultConfigurationIsVisible = 0;
			defaultConfigurationName = Debug;
		};
		E2782CCA1CE5DBDA00E5DF9A /* Build configuration list for PBXNativeTarget "CitySimCoreMacOS" */ = {
			isa = XCConfigurationList;
			buildConfigurations = (
				E2782CCB1CE5DBDA00E5DF9A /* Debug */,
				E2782CCC1CE5DBDA00E5DF9A /* Release */,
			);
			defaultConfigurationIsVisible = 0;
			defaultConfigurationName = Debug;
		};
		E2782CCD1CE5DBDA00E5DF9A /* Build configuration list for PBXNativeTarget "CitySimCoreMacOSTests" */ = {
			isa = XCConfigurationList;
			buildConfigurations = (
				E2782CCE1CE5DBDA00E5DF9A /* Debug */,
				E2782CCF1CE5DBDA00E5DF9A /* Release */,
			);
			defaultConfigurationIsVisible = 0;
			defaultConfigurationName = Debug;
		};
/* End XCConfigurationList section */
	};
	rootObject = E2782C911CE5D72F00E5DF9A /* Project object */;
}
